
Microsoft Visual Studio Solution File, Format Version 12.00
# Visual Studio Version 16
VisualStudioVersion = 16.0.30503.244
MinimumVisualStudioVersion = 10.0.40219.1
Project("{FAE04EC0-301F-11D3-BF4B-00C04F79EFBC}") = "SupermarcheWPF", "SupermarcheWPF\SupermarcheWPF.csproj", "{F73741CD-0870-4CAF-8F9B-EF65B0937DE7}"
EndProject
Project("{FAE04EC0-301F-11D3-BF4B-00C04F79EFBC}") = "MetierBDD", "MetierBDD\MetierBDD.csproj", "{F3A1ED77-BB9E-4B0D-A731-9E3B86A43A96}"
EndProject
Global
	GlobalSection(SolutionConfigurationPlatforms) = preSolution
		Debug|Any CPU = Debug|Any CPU
		Release|Any CPU = Release|Any CPU
	EndGlobalSection
	GlobalSection(ProjectConfigurationPlatforms) = postSolution
		{F73741CD-0870-4CAF-8F9B-EF65B0937DE7}.Debug|Any CPU.ActiveCfg = Debug|Any CPU
		{F73741CD-0870-4CAF-8F9B-EF65B0937DE7}.Debug|Any CPU.Build.0 = Debug|Any CPU
		{F73741CD-0870-4CAF-8F9B-EF65B0937DE7}.Release|Any CPU.ActiveCfg = Release|Any CPU
		{F73741CD-0870-4CAF-8F9B-EF65B0937DE7}.Release|Any CPU.Build.0 = Release|Any CPU
		{F3A1ED77-BB9E-4B0D-A731-9E3B86A43A96}.Debug|Any CPU.ActiveCfg = Debug|Any CPU
		{F3A1ED77-BB9E-4B0D-A731-9E3B86A43A96}.Debug|Any CPU.Build.0 = Debug|Any CPU
		{F3A1ED77-BB9E-4B0D-A731-9E3B86A43A96}.Release|Any CPU.ActiveCfg = Release|Any CPU
		{F3A1ED77-BB9E-4B0D-A731-9E3B86A43A96}.Release|Any CPU.Build.0 = Release|Any CPU
	EndGlobalSection
	GlobalSection(SolutionProperties) = preSolution
		HideSolutionNode = FALSE
	EndGlobalSection
	GlobalSection(ExtensibilityGlobals) = postSolution
		SolutionGuid = {8DC447B4-C7F1-4F4D-9DD9-BA1279B6721C}
	EndGlobalSection
EndGlobal
